
Microsoft Visual Studio Solution File, Format Version 12.00
# Visual Studio Version 17
VisualStudioVersion = 17.11.35327.3
MinimumVisualStudioVersion = 10.0.40219.1
Project("{9A19103F-16F7-4668-BE54-9A1E7A4F7556}") = "DataBaseConnectionExample", "DataBaseConnectionExample.csproj", "{DFD8313E-42C5-444B-802E-5707AC552F17}"
EndProject
Global
	GlobalSection(SolutionConfigurationPlatforms) = preSolution
		Debug|Any CPU = Debug|Any CPU
		Release|Any CPU = Release|Any CPU
	EndGlobalSection
	GlobalSection(ProjectConfigurationPlatforms) = postSolution
		{DFD8313E-42C5-444B-802E-5707AC552F17}.Debug|Any CPU.ActiveCfg = Debug|Any CPU
		{DFD8313E-42C5-444B-802E-5707AC552F17}.Debug|Any CPU.Build.0 = Debug|Any CPU
		{DFD8313E-42C5-444B-802E-5707AC552F17}.Release|Any CPU.ActiveCfg = Release|Any CPU
		{DFD8313E-42C5-444B-802E-5707AC552F17}.Release|Any CPU.Build.0 = Release|Any CPU
	EndGlobalSection
	GlobalSection(SolutionProperties) = preSolution
		HideSolutionNode = FALSE
	EndGlobalSection
	GlobalSection(ExtensibilityGlobals) = postSolution
		SolutionGuid = {B959C203-4F9D-447E-85D6-25F0CECEEDE7}
	EndGlobalSection
EndGlobal
