
Microsoft Visual Studio Solution File, Format Version 12.00
# Visual Studio Version 17
VisualStudioVersion = 17.3.32825.248
MinimumVisualStudioVersion = 10.0.40219.1
Project("{9A19103F-16F7-4668-BE54-9A1E7A4F7556}") = "Millionaire", "DataBaseConnectionExample\Millionaire.csproj", "{AF365CC3-5A0C-4A19-8475-ACD479558602}"
EndProject
Global
	GlobalSection(SolutionConfigurationPlatforms) = preSolution
		Debug|Any CPU = Debug|Any CPU
		Release|Any CPU = Release|Any CPU
	EndGlobalSection
	GlobalSection(ProjectConfigurationPlatforms) = postSolution
		{AF365CC3-5A0C-4A19-8475-ACD479558602}.Debug|Any CPU.ActiveCfg = Debug|Any CPU
		{AF365CC3-5A0C-4A19-8475-ACD479558602}.Debug|Any CPU.Build.0 = Debug|Any CPU
		{AF365CC3-5A0C-4A19-8475-ACD479558602}.Release|Any CPU.ActiveCfg = Release|Any CPU
		{AF365CC3-5A0C-4A19-8475-ACD479558602}.Release|Any CPU.Build.0 = Release|Any CPU
	EndGlobalSection
	GlobalSection(SolutionProperties) = preSolution
		HideSolutionNode = FALSE
	EndGlobalSection
	GlobalSection(ExtensibilityGlobals) = postSolution
		SolutionGuid = {463373D3-38C2-462E-90B5-B08BCF5CFDBB}
	EndGlobalSection
EndGlobal
